// !$*UTF8*$!
{
	archiveVersion = 1;
	classes = {
	};
	objectVersion = 50;
	objects = {

/* Begin PBXBuildFile section */
		A913ABB5245395E600079574 /* AppDelegate.swift in Sources */ = {isa = PBXBuildFile; fileRef = A913ABB4245395E600079574 /* AppDelegate.swift */; };
		A913ABB7245395E600079574 /* SceneDelegate.swift in Sources */ = {isa = PBXBuildFile; fileRef = A913ABB6245395E600079574 /* SceneDelegate.swift */; };
		A913ABB9245395E600079574 /* HomeVC.swift in Sources */ = {isa = PBXBuildFile; fileRef = A913ABB8245395E600079574 /* HomeVC.swift */; };
		A913ABBC245395E600079574 /* Main.storyboard in Resources */ = {isa = PBXBuildFile; fileRef = A913ABBA245395E600079574 /* Main.storyboard */; };
		A913ABBE245395E900079574 /* Assets.xcassets in Resources */ = {isa = PBXBuildFile; fileRef = A913ABBD245395E900079574 /* Assets.xcassets */; };
		A913ABC1245395E900079574 /* LaunchScreen.storyboard in Resources */ = {isa = PBXBuildFile; fileRef = A913ABBF245395E900079574 /* LaunchScreen.storyboard */; };
		A913ABCE2453960A00079574 /* Constants.swift in Sources */ = {isa = PBXBuildFile; fileRef = A913ABCD2453960A00079574 /* Constants.swift */; };
		A913ABD424539B3000079574 /* Pokemon Hollow.ttf in Resources */ = {isa = PBXBuildFile; fileRef = A913ABD224539B3000079574 /* Pokemon Hollow.ttf */; };
		A913ABD524539B3000079574 /* Pokemon Solid.ttf in Resources */ = {isa = PBXBuildFile; fileRef = A913ABD324539B3000079574 /* Pokemon Solid.ttf */; };
		A913ABD824539F6800079574 /* PokemonAPI.swift in Sources */ = {isa = PBXBuildFile; fileRef = A913ABD724539F6800079574 /* PokemonAPI.swift */; };
		A913ABDA2453A0D500079574 /* Pokemon.swift in Sources */ = {isa = PBXBuildFile; fileRef = A913ABD92453A0D500079574 /* Pokemon.swift */; };
		A913ABDC2454452000079574 /* SkillsVC.swift in Sources */ = {isa = PBXBuildFile; fileRef = A913ABDB2454451F00079574 /* SkillsVC.swift */; };
/* End PBXBuildFile section */

/* Begin PBXFileReference section */
		A913ABB1245395E600079574 /* Pokedax.app */ = {isa = PBXFileReference; explicitFileType = wrapper.application; includeInIndex = 0; path = Pokedax.app; sourceTree = BUILT_PRODUCTS_DIR; };
		A913ABB4245395E600079574 /* AppDelegate.swift */ = {isa = PBXFileReference; lastKnownFileType = sourcecode.swift; path = AppDelegate.swift; sourceTree = "<group>"; };
		A913ABB6245395E600079574 /* SceneDelegate.swift */ = {isa = PBXFileReference; lastKnownFileType = sourcecode.swift; path = SceneDelegate.swift; sourceTree = "<group>"; };
		A913ABB8245395E600079574 /* HomeVC.swift */ = {isa = PBXFileReference; lastKnownFileType = sourcecode.swift; path = HomeVC.swift; sourceTree = "<group>"; };
		A913ABBB245395E600079574 /* Base */ = {isa = PBXFileReference; lastKnownFileType = file.storyboard; name = Base; path = Base.lproj/Main.storyboard; sourceTree = "<group>"; };
		A913ABBD245395E900079574 /* Assets.xcassets */ = {isa = PBXFileReference; lastKnownFileType = folder.assetcatalog; path = Assets.xcassets; sourceTree = "<group>"; };
		A913ABC0245395E900079574 /* Base */ = {isa = PBXFileReference; lastKnownFileType = file.storyboard; name = Base; path = Base.lproj/LaunchScreen.storyboard; sourceTree = "<group>"; };
		A913ABC2245395E900079574 /* Info.plist */ = {isa = PBXFileReference; lastKnownFileType = text.plist.xml; path = Info.plist; sourceTree = "<group>"; };
		A913ABCD2453960A00079574 /* Constants.swift */ = {isa = PBXFileReference; lastKnownFileType = sourcecode.swift; path = Constants.swift; sourceTree = "<group>"; };
		A913ABD224539B3000079574 /* Pokemon Hollow.ttf */ = {isa = PBXFileReference; lastKnownFileType = file; path = "Pokemon Hollow.ttf"; sourceTree = "<group>"; };
		A913ABD324539B3000079574 /* Pokemon Solid.ttf */ = {isa = PBXFileReference; lastKnownFileType = file; path = "Pokemon Solid.ttf"; sourceTree = "<group>"; };
		A913ABD724539F6800079574 /* PokemonAPI.swift */ = {isa = PBXFileReference; lastKnownFileType = sourcecode.swift; path = PokemonAPI.swift; sourceTree = "<group>"; };
		A913ABD92453A0D500079574 /* Pokemon.swift */ = {isa = PBXFileReference; lastKnownFileType = sourcecode.swift; path = Pokemon.swift; sourceTree = "<group>"; };
		A913ABDB2454451F00079574 /* SkillsVC.swift */ = {isa = PBXFileReference; lastKnownFileType = sourcecode.swift; path = SkillsVC.swift; sourceTree = "<group>"; };
/* End PBXFileReference section */

/* Begin PBXFrameworksBuildPhase section */
		A913ABAE245395E600079574 /* Frameworks */ = {
			isa = PBXFrameworksBuildPhase;
			buildActionMask = 2147483647;
			files = (
			);
			runOnlyForDeploymentPostprocessing = 0;
		};
/* End PBXFrameworksBuildPhase section */

/* Begin PBXGroup section */
		A913ABA8245395E500079574 = {
			isa = PBXGroup;
			children = (
				A913ABB3245395E600079574 /* Pokedax */,
				A913ABB2245395E600079574 /* Products */,
			);
			sourceTree = "<group>";
		};
		A913ABB2245395E600079574 /* Products */ = {
			isa = PBXGroup;
			children = (
				A913ABB1245395E600079574 /* Pokedax.app */,
			);
			name = Products;
			sourceTree = "<group>";
		};
		A913ABB3245395E600079574 /* Pokedax */ = {
			isa = PBXGroup;
			children = (
				A913ABCB245395F900079574 /* Data */,
				A913ABCA245395F600079574 /* Model */,
				A913ABC9245395F200079574 /* View */,
				A913ABC8245395EE00079574 /* Controller */,
				A913ABB4245395E600079574 /* AppDelegate.swift */,
				A913ABD624539F5B00079574 /* Services */,
				A913ABD124539B2300079574 /* Fonts */,
				A913ABB6245395E600079574 /* SceneDelegate.swift */,
				A913ABBA245395E600079574 /* Main.storyboard */,
				A913ABBD245395E900079574 /* Assets.xcassets */,
				A913ABBF245395E900079574 /* LaunchScreen.storyboard */,
				A913ABC2245395E900079574 /* Info.plist */,
			);
			path = Pokedax;
			sourceTree = "<group>";
		};
		A913ABC8245395EE00079574 /* Controller */ = {
			isa = PBXGroup;
			children = (
				A913ABB8245395E600079574 /* HomeVC.swift */,
				A913ABDB2454451F00079574 /* SkillsVC.swift */,
			);
			path = Controller;
			sourceTree = "<group>";
		};
		A913ABC9245395F200079574 /* View */ = {
			isa = PBXGroup;
			children = (
			);
			path = View;
			sourceTree = "<group>";
		};
		A913ABCA245395F600079574 /* Model */ = {
			isa = PBXGroup;
			children = (
				A913ABD92453A0D500079574 /* Pokemon.swift */,
			);
			path = Model;
			sourceTree = "<group>";
		};
		A913ABCB245395F900079574 /* Data */ = {
			isa = PBXGroup;
			children = (
				A913ABCD2453960A00079574 /* Constants.swift */,
			);
			path = Data;
			sourceTree = "<group>";
		};
		A913ABD124539B2300079574 /* Fonts */ = {
			isa = PBXGroup;
			children = (
				A913ABD224539B3000079574 /* Pokemon Hollow.ttf */,
				A913ABD324539B3000079574 /* Pokemon Solid.ttf */,
			);
			path = Fonts;
			sourceTree = "<group>";
		};
		A913ABD624539F5B00079574 /* Services */ = {
			isa = PBXGroup;
			children = (
				A913ABD724539F6800079574 /* PokemonAPI.swift */,
			);
			path = Services;
			sourceTree = "<group>";
		};
/* End PBXGroup section */

/* Begin PBXNativeTarget section */
		A913ABB0245395E600079574 /* Pokedax */ = {
			isa = PBXNativeTarget;
			buildConfigurationList = A913ABC5245395E900079574 /* Build configuration list for PBXNativeTarget "Pokedax" */;
			buildPhases = (
				A913ABAD245395E600079574 /* Sources */,
				A913ABAE245395E600079574 /* Frameworks */,
				A913ABAF245395E600079574 /* Resources */,
			);
			buildRules = (
			);
			dependencies = (
			);
			name = Pokedax;
			productName = Pokedax;
			productReference = A913ABB1245395E600079574 /* Pokedax.app */;
			productType = "com.apple.product-type.application";
		};
/* End PBXNativeTarget section */

/* Begin PBXProject section */
		A913ABA9245395E500079574 /* Project object */ = {
			isa = PBXProject;
			attributes = {
				LastSwiftUpdateCheck = 1130;
				LastUpgradeCheck = 1130;
				ORGANIZATIONNAME = "Meitar Basson";
				TargetAttributes = {
					A913ABB0245395E600079574 = {
						CreatedOnToolsVersion = 11.3.1;
					};
				};
			};
			buildConfigurationList = A913ABAC245395E500079574 /* Build configuration list for PBXProject "Pokedax" */;
			compatibilityVersion = "Xcode 9.3";
			developmentRegion = en;
			hasScannedForEncodings = 0;
			knownRegions = (
				en,
				Base,
			);
			mainGroup = A913ABA8245395E500079574;
			productRefGroup = A913ABB2245395E600079574 /* Products */;
			projectDirPath = "";
			projectRoot = "";
			targets = (
				A913ABB0245395E600079574 /* Pokedax */,
			);
		};
/* End PBXProject section */

/* Begin PBXResourcesBuildPhase section */
		A913ABAF245395E600079574 /* Resources */ = {
			isa = PBXResourcesBuildPhase;
			buildActionMask = 2147483647;
			files = (
				A913ABD524539B3000079574 /* Pokemon Solid.ttf in Resources */,
				A913ABD424539B3000079574 /* Pokemon Hollow.ttf in Resources */,
				A913ABC1245395E900079574 /* LaunchScreen.storyboard in Resources */,
				A913ABBE245395E900079574 /* Assets.xcassets in Resources */,
				A913ABBC245395E600079574 /* Main.storyboard in Resources */,
			);
			runOnlyForDeploymentPostprocessing = 0;
		};
/* End PBXResourcesBuildPhase section */

/* Begin PBXSourcesBuildPhase section */
		A913ABAD245395E600079574 /* Sources */ = {
			isa = PBXSourcesBuildPhase;
			buildActionMask = 2147483647;
			files = (
				A913ABDC2454452000079574 /* SkillsVC.swift in Sources */,
				A913ABDA2453A0D500079574 /* Pokemon.swift in Sources */,
				A913ABB9245395E600079574 /* HomeVC.swift in Sources */,
				A913ABB5245395E600079574 /* AppDelegate.swift in Sources */,
				A913ABD824539F6800079574 /* PokemonAPI.swift in Sources */,
				A913ABB7245395E600079574 /* SceneDelegate.swift in Sources */,
				A913ABCE2453960A00079574 /* Constants.swift in Sources */,
			);
			runOnlyForDeploymentPostprocessing = 0;
		};
/* End PBXSourcesBuildPhase section */

/* Begin PBXVariantGroup section */
		A913ABBA245395E600079574 /* Main.storyboard */ = {
			isa = PBXVariantGroup;
			children = (
				A913ABBB245395E600079574 /* Base */,
			);
			name = Main.storyboard;
			sourceTree = "<group>";
		};
		A913ABBF245395E900079574 /* LaunchScreen.storyboard */ = {
			isa = PBXVariantGroup;
			children = (
				A913ABC0245395E900079574 /* Base */,
			);
			name = LaunchScreen.storyboard;
			sourceTree = "<group>";
		};
/* End PBXVariantGroup section */

/* Begin XCBuildConfiguration section */
		A913ABC3245395E900079574 /* Debug */ = {
			isa = XCBuildConfiguration;
			buildSettings = {
				ALWAYS_SEARCH_USER_PATHS = NO;
				CLANG_ANALYZER_NONNULL = YES;
				CLANG_ANALYZER_NUMBER_OBJECT_CONVERSION = YES_AGGRESSIVE;
				CLANG_CXX_LANGUAGE_STANDARD = "gnu++14";
				CLANG_CXX_LIBRARY = "libc++";
				CLANG_ENABLE_MODULES = YES;
				CLANG_ENABLE_OBJC_ARC = YES;
				CLANG_ENABLE_OBJC_WEAK = YES;
				CLANG_WARN_BLOCK_CAPTURE_AUTORELEASING = YES;
				CLANG_WARN_BOOL_CONVERSION = YES;
				CLANG_WARN_COMMA = YES;
				CLANG_WARN_CONSTANT_CONVERSION = YES;
				CLANG_WARN_DEPRECATED_OBJC_IMPLEMENTATIONS = YES;
				CLANG_WARN_DIRECT_OBJC_ISA_USAGE = YES_ERROR;
				CLANG_WARN_DOCUMENTATION_COMMENTS = YES;
				CLANG_WARN_EMPTY_BODY = YES;
				CLANG_WARN_ENUM_CONVERSION = YES;
				CLANG_WARN_INFINITE_RECURSION = YES;
				CLANG_WARN_INT_CONVERSION = YES;
				CLANG_WARN_NON_LITERAL_NULL_CONVERSION = YES;
				CLANG_WARN_OBJC_IMPLICIT_RETAIN_SELF = YES;
				CLANG_WARN_OBJC_LITERAL_CONVERSION = YES;
				CLANG_WARN_OBJC_ROOT_CLASS = YES_ERROR;
				CLANG_WARN_RANGE_LOOP_ANALYSIS = YES;
				CLANG_WARN_STRICT_PROTOTYPES = YES;
				CLANG_WARN_SUSPICIOUS_MOVE = YES;
				CLANG_WARN_UNGUARDED_AVAILABILITY = YES_AGGRESSIVE;
				CLANG_WARN_UNREACHABLE_CODE = YES;
				CLANG_WARN__DUPLICATE_METHOD_MATCH = YES;
				COPY_PHASE_STRIP = NO;
				DEBUG_INFORMATION_FORMAT = dwarf;
				ENABLE_STRICT_OBJC_MSGSEND = YES;
				ENABLE_TESTABILITY = YES;
				GCC_C_LANGUAGE_STANDARD = gnu11;
				GCC_DYNAMIC_NO_PIC = NO;
				GCC_NO_COMMON_BLOCKS = YES;
				GCC_OPTIMIZATION_LEVEL = 0;
				GCC_PREPROCESSOR_DEFINITIONS = (
					"DEBUG=1",
					"$(inherited)",
				);
				GCC_WARN_64_TO_32_BIT_CONVERSION = YES;
				GCC_WARN_ABOUT_RETURN_TYPE = YES_ERROR;
				GCC_WARN_UNDECLARED_SELECTOR = YES;
				GCC_WARN_UNINITIALIZED_AUTOS = YES_AGGRESSIVE;
				GCC_WARN_UNUSED_FUNCTION = YES;
				GCC_WARN_UNUSED_VARIABLE = YES;
				IPHONEOS_DEPLOYMENT_TARGET = 13.2;
				MTL_ENABLE_DEBUG_INFO = INCLUDE_SOURCE;
				MTL_FAST_MATH = YES;
				ONLY_ACTIVE_ARCH = YES;
				SDKROOT = iphoneos;
				SWIFT_ACTIVE_COMPILATION_CONDITIONS = DEBUG;
				SWIFT_OPTIMIZATION_LEVEL = "-Onone";
			};
			name = Debug;
		};
		A913ABC4245395E900079574 /* Release */ = {
			isa = XCBuildConfiguration;
			buildSettings = {
				ALWAYS_SEARCH_USER_PATHS = NO;
				CLANG_ANALYZER_NONNULL = YES;
				CLANG_ANALYZER_NUMBER_OBJECT_CONVERSION = YES_AGGRESSIVE;
				CLANG_CXX_LANGUAGE_STANDARD = "gnu++14";
				CLANG_CXX_LIBRARY = "libc++";
				CLANG_ENABLE_MODULES = YES;
				CLANG_ENABLE_OBJC_ARC = YES;
				CLANG_ENABLE_OBJC_WEAK = YES;
				CLANG_WARN_BLOCK_CAPTURE_AUTORELEASING = YES;
				CLANG_WARN_BOOL_CONVERSION = YES;
				CLANG_WARN_COMMA = YES;
				CLANG_WARN_CONSTANT_CONVERSION = YES;
				CLANG_WARN_DEPRECATED_OBJC_IMPLEMENTATIONS = YES;
				CLANG_WARN_DIRECT_OBJC_ISA_USAGE = YES_ERROR;
				CLANG_WARN_DOCUMENTATION_COMMENTS = YES;
				CLANG_WARN_EMPTY_BODY = YES;
				CLANG_WARN_ENUM_CONVERSION = YES;
				CLANG_WARN_INFINITE_RECURSION = YES;
				CLANG_WARN_INT_CONVERSION = YES;
				CLANG_WARN_NON_LITERAL_NULL_CONVERSION = YES;
				CLANG_WARN_OBJC_IMPLICIT_RETAIN_SELF = YES;
				CLANG_WARN_OBJC_LITERAL_CONVERSION = YES;
				CLANG_WARN_OBJC_ROOT_CLASS = YES_ERROR;
				CLANG_WARN_RANGE_LOOP_ANALYSIS = YES;
				CLANG_WARN_STRICT_PROTOTYPES = YES;
				CLANG_WARN_SUSPICIOUS_MOVE = YES;
				CLANG_WARN_UNGUARDED_AVAILABILITY = YES_AGGRESSIVE;
				CLANG_WARN_UNREACHABLE_CODE = YES;
				CLANG_WARN__DUPLICATE_METHOD_MATCH = YES;
				COPY_PHASE_STRIP = NO;
				DEBUG_INFORMATION_FORMAT = "dwarf-with-dsym";
				ENABLE_NS_ASSERTIONS = NO;
				ENABLE_STRICT_OBJC_MSGSEND = YES;
				GCC_C_LANGUAGE_STANDARD = gnu11;
				GCC_NO_COMMON_BLOCKS = YES;
				GCC_WARN_64_TO_32_BIT_CONVERSION = YES;
				GCC_WARN_ABOUT_RETURN_TYPE = YES_ERROR;
				GCC_WARN_UNDECLARED_SELECTOR = YES;
				GCC_WARN_UNINITIALIZED_AUTOS = YES_AGGRESSIVE;
				GCC_WARN_UNUSED_FUNCTION = YES;
				GCC_WARN_UNUSED_VARIABLE = YES;
				IPHONEOS_DEPLOYMENT_TARGET = 13.2;
				MTL_ENABLE_DEBUG_INFO = NO;
				MTL_FAST_MATH = YES;
				SDKROOT = iphoneos;
				SWIFT_COMPILATION_MODE = wholemodule;
				SWIFT_OPTIMIZATION_LEVEL = "-O";
				VALIDATE_PRODUCT = YES;
			};
			name = Release;
		};
		A913ABC6245395E900079574 /* Debug */ = {
			isa = XCBuildConfiguration;
			buildSettings = {
				ASSETCATALOG_COMPILER_APPICON_NAME = AppIcon;
				CODE_SIGN_STYLE = Automatic;
				DEVELOPMENT_TEAM = 9PG63NVD7U;
				INFOPLIST_FILE = Pokedax/Info.plist;
				LD_RUNPATH_SEARCH_PATHS = (
					"$(inherited)",
					"@executable_path/Frameworks",
				);
				PRODUCT_BUNDLE_IDENTIFIER = com.MeiBaps.Pokedax;
				PRODUCT_NAME = "$(TARGET_NAME)";
				SWIFT_VERSION = 5.0;
				TARGETED_DEVICE_FAMILY = "1,2";
			};
			name = Debug;
		};
		A913ABC7245395E900079574 /* Release */ = {
			isa = XCBuildConfiguration;
			buildSettings = {
				ASSETCATALOG_COMPILER_APPICON_NAME = AppIcon;
				CODE_SIGN_STYLE = Automatic;
				DEVELOPMENT_TEAM = 9PG63NVD7U;
				INFOPLIST_FILE = Pokedax/Info.plist;
				LD_RUNPATH_SEARCH_PATHS = (
					"$(inherited)",
					"@executable_path/Frameworks",
				);
				PRODUCT_BUNDLE_IDENTIFIER = com.MeiBaps.Pokedax;
				PRODUCT_NAME = "$(TARGET_NAME)";
				SWIFT_VERSION = 5.0;
				TARGETED_DEVICE_FAMILY = "1,2";
			};
			name = Release;
		};
/* End XCBuildConfiguration section */

/* Begin XCConfigurationList section */
		A913ABAC245395E500079574 /* Build configuration list for PBXProject "Pokedax" */ = {
			isa = XCConfigurationList;
			buildConfigurations = (
				A913ABC3245395E900079574 /* Debug */,
				A913ABC4245395E900079574 /* Release */,
			);
			defaultConfigurationIsVisible = 0;
			defaultConfigurationName = Release;
		};
		A913ABC5245395E900079574 /* Build configuration list for PBXNativeTarget "Pokedax" */ = {
			isa = XCConfigurationList;
			buildConfigurations = (
				A913ABC6245395E900079574 /* Debug */,
				A913ABC7245395E900079574 /* Release */,
			);
			defaultConfigurationIsVisible = 0;
			defaultConfigurationName = Release;
		};
/* End XCConfigurationList section */
	};
	rootObject = A913ABA9245395E500079574 /* Project object */;
}
